// !$*UTF8*$!
{
	archiveVersion = 1;
	classes = {
	};
	objectVersion = 50;
	objects = {

/* Begin PBXBuildFile section */
		CD5CF022246D363C0021A415 /* AppDelegate.swift in Sources */ = {isa = PBXBuildFile; fileRef = CD5CF021246D363C0021A415 /* AppDelegate.swift */; };
		CD5CF024246D363C0021A415 /* SceneDelegate.swift in Sources */ = {isa = PBXBuildFile; fileRef = CD5CF023246D363C0021A415 /* SceneDelegate.swift */; };
		CD5CF026246D363C0021A415 /* ContentView.swift in Sources */ = {isa = PBXBuildFile; fileRef = CD5CF025246D363C0021A415 /* ContentView.swift */; };
		CD5CF028246D363D0021A415 /* Assets.xcassets in Resources */ = {isa = PBXBuildFile; fileRef = CD5CF027246D363D0021A415 /* Assets.xcassets */; };
		CD5CF02B246D363D0021A415 /* Preview Assets.xcassets in Resources */ = {isa = PBXBuildFile; fileRef = CD5CF02A246D363D0021A415 /* Preview Assets.xcassets */; };
		CD5CF02E246D363D0021A415 /* LaunchScreen.storyboard in Resources */ = {isa = PBXBuildFile; fileRef = CD5CF02C246D363D0021A415 /* LaunchScreen.storyboard */; };
		CD5CF036246D37320021A415 /* ImageInfo.swift in Sources */ = {isa = PBXBuildFile; fileRef = CD5CF035246D37320021A415 /* ImageInfo.swift */; };
		CD5CF038246D39300021A415 /* Remote.swift in Sources */ = {isa = PBXBuildFile; fileRef = CD5CF037246D39300021A415 /* Remote.swift */; };
		CD5CF03A246D47150021A415 /* PhotoView.swift in Sources */ = {isa = PBXBuildFile; fileRef = CD5CF039246D47150021A415 /* PhotoView.swift */; };
		CD5CF03C246E80B30021A415 /* Cacher.swift in Sources */ = {isa = PBXBuildFile; fileRef = CD5CF03B246E80B30021A415 /* Cacher.swift */; };
/* End PBXBuildFile section */

/* Begin PBXFileReference section */
		CD5CF01E246D363C0021A415 /* ImageLoader.app */ = {isa = PBXFileReference; explicitFileType = wrapper.application; includeInIndex = 0; path = ImageLoader.app; sourceTree = BUILT_PRODUCTS_DIR; };
		CD5CF021246D363C0021A415 /* AppDelegate.swift */ = {isa = PBXFileReference; lastKnownFileType = sourcecode.swift; path = AppDelegate.swift; sourceTree = "<group>"; };
		CD5CF023246D363C0021A415 /* SceneDelegate.swift */ = {isa = PBXFileReference; lastKnownFileType = sourcecode.swift; path = SceneDelegate.swift; sourceTree = "<group>"; };
		CD5CF025246D363C0021A415 /* ContentView.swift */ = {isa = PBXFileReference; lastKnownFileType = sourcecode.swift; path = ContentView.swift; sourceTree = "<group>"; };
		CD5CF027246D363D0021A415 /* Assets.xcassets */ = {isa = PBXFileReference; lastKnownFileType = folder.assetcatalog; path = Assets.xcassets; sourceTree = "<group>"; };
		CD5CF02A246D363D0021A415 /* Preview Assets.xcassets */ = {isa = PBXFileReference; lastKnownFileType = folder.assetcatalog; path = "Preview Assets.xcassets"; sourceTree = "<group>"; };
		CD5CF02D246D363D0021A415 /* Base */ = {isa = PBXFileReference; lastKnownFileType = file.storyboard; name = Base; path = Base.lproj/LaunchScreen.storyboard; sourceTree = "<group>"; };
		CD5CF02F246D363D0021A415 /* Info.plist */ = {isa = PBXFileReference; lastKnownFileType = text.plist.xml; path = Info.plist; sourceTree = "<group>"; };
		CD5CF035246D37320021A415 /* ImageInfo.swift */ = {isa = PBXFileReference; lastKnownFileType = sourcecode.swift; path = ImageInfo.swift; sourceTree = "<group>"; };
		CD5CF037246D39300021A415 /* Remote.swift */ = {isa = PBXFileReference; lastKnownFileType = sourcecode.swift; path = Remote.swift; sourceTree = "<group>"; };
		CD5CF039246D47150021A415 /* PhotoView.swift */ = {isa = PBXFileReference; lastKnownFileType = sourcecode.swift; path = PhotoView.swift; sourceTree = "<group>"; };
		CD5CF03B246E80B30021A415 /* Cacher.swift */ = {isa = PBXFileReference; lastKnownFileType = sourcecode.swift; path = Cacher.swift; sourceTree = "<group>"; };
/* End PBXFileReference section */

/* Begin PBXFrameworksBuildPhase section */
		CD5CF01B246D363C0021A415 /* Frameworks */ = {
			isa = PBXFrameworksBuildPhase;
			buildActionMask = 2147483647;
			files = (
			);
			runOnlyForDeploymentPostprocessing = 0;
		};
/* End PBXFrameworksBuildPhase section */

/* Begin PBXGroup section */
		CD5CF015246D363C0021A415 = {
			isa = PBXGroup;
			children = (
				CD5CF020246D363C0021A415 /* ImageLoader */,
				CD5CF01F246D363C0021A415 /* Products */,
			);
			sourceTree = "<group>";
		};
		CD5CF01F246D363C0021A415 /* Products */ = {
			isa = PBXGroup;
			children = (
				CD5CF01E246D363C0021A415 /* ImageLoader.app */,
			);
			name = Products;
			sourceTree = "<group>";
		};
		CD5CF020246D363C0021A415 /* ImageLoader */ = {
			isa = PBXGroup;
			children = (
				CD5CF021246D363C0021A415 /* AppDelegate.swift */,
				CD5CF023246D363C0021A415 /* SceneDelegate.swift */,
				CD5CF025246D363C0021A415 /* ContentView.swift */,
				CD5CF039246D47150021A415 /* PhotoView.swift */,
				CD5CF035246D37320021A415 /* ImageInfo.swift */,
				CD5CF037246D39300021A415 /* Remote.swift */,
				CD5CF03B246E80B30021A415 /* Cacher.swift */,
				CD5CF027246D363D0021A415 /* Assets.xcassets */,
				CD5CF02C246D363D0021A415 /* LaunchScreen.storyboard */,
				CD5CF02F246D363D0021A415 /* Info.plist */,
				CD5CF029246D363D0021A415 /* Preview Content */,
			);
			path = ImageLoader;
			sourceTree = "<group>";
		};
		CD5CF029246D363D0021A415 /* Preview Content */ = {
			isa = PBXGroup;
			children = (
				CD5CF02A246D363D0021A415 /* Preview Assets.xcassets */,
			);
			path = "Preview Content";
			sourceTree = "<group>";
		};
/* End PBXGroup section */

/* Begin PBXNativeTarget section */
		CD5CF01D246D363C0021A415 /* ImageLoader */ = {
			isa = PBXNativeTarget;
			buildConfigurationList = CD5CF032246D363D0021A415 /* Build configuration list for PBXNativeTarget "ImageLoader" */;
			buildPhases = (
				CD5CF01A246D363C0021A415 /* Sources */,
				CD5CF01B246D363C0021A415 /* Frameworks */,
				CD5CF01C246D363C0021A415 /* Resources */,
			);
			buildRules = (
			);
			dependencies = (
			);
			name = ImageLoader;
			productName = ImageLoader;
			productReference = CD5CF01E246D363C0021A415 /* ImageLoader.app */;
			productType = "com.apple.product-type.application";
		};
/* End PBXNativeTarget section */

/* Begin PBXProject section */
		CD5CF016246D363C0021A415 /* Project object */ = {
			isa = PBXProject;
			attributes = {
				LastSwiftUpdateCheck = 1140;
				LastUpgradeCheck = 1140;
				ORGANIZATIONNAME = maja;
				TargetAttributes = {
					CD5CF01D246D363C0021A415 = {
						CreatedOnToolsVersion = 11.4.1;
					};
				};
			};
			buildConfigurationList = CD5CF019246D363C0021A415 /* Build configuration list for PBXProject "ImageLoader" */;
			compatibilityVersion = "Xcode 9.3";
			developmentRegion = en;
			hasScannedForEncodings = 0;
			knownRegions = (
				en,
				Base,
			);
			mainGroup = CD5CF015246D363C0021A415;
			productRefGroup = CD5CF01F246D363C0021A415 /* Products */;
			projectDirPath = "";
			projectRoot = "";
			targets = (
				CD5CF01D246D363C0021A415 /* ImageLoader */,
			);
		};
/* End PBXProject section */

/* Begin PBXResourcesBuildPhase section */
		CD5CF01C246D363C0021A415 /* Resources */ = {
			isa = PBXResourcesBuildPhase;
			buildActionMask = 2147483647;
			files = (
				CD5CF02E246D363D0021A415 /* LaunchScreen.storyboard in Resources */,
				CD5CF02B246D363D0021A415 /* Preview Assets.xcassets in Resources */,
				CD5CF028246D363D0021A415 /* Assets.xcassets in Resources */,
			);
			runOnlyForDeploymentPostprocessing = 0;
		};
/* End PBXResourcesBuildPhase section */

/* Begin PBXSourcesBuildPhase section */
		CD5CF01A246D363C0021A415 /* Sources */ = {
			isa = PBXSourcesBuildPhase;
			buildActionMask = 2147483647;
			files = (
				CD5CF022246D363C0021A415 /* AppDelegate.swift in Sources */,
				CD5CF038246D39300021A415 /* Remote.swift in Sources */,
				CD5CF036246D37320021A415 /* ImageInfo.swift in Sources */,
				CD5CF03A246D47150021A415 /* PhotoView.swift in Sources */,
				CD5CF024246D363C0021A415 /* SceneDelegate.swift in Sources */,
				CD5CF03C246E80B30021A415 /* Cacher.swift in Sources */,
				CD5CF026246D363C0021A415 /* ContentView.swift in Sources */,
			);
			runOnlyForDeploymentPostprocessing = 0;
		};
/* End PBXSourcesBuildPhase section */

/* Begin PBXVariantGroup section */
		CD5CF02C246D363D0021A415 /* LaunchScreen.storyboard */ = {
			isa = PBXVariantGroup;
			children = (
				CD5CF02D246D363D0021A415 /* Base */,
			);
			name = LaunchScreen.storyboard;
			sourceTree = "<group>";
		};
/* End PBXVariantGroup section */

/* Begin XCBuildConfiguration section */
		CD5CF030246D363D0021A415 /* Debug */ = {
			isa = XCBuildConfiguration;
			buildSettings = {
				ALWAYS_SEARCH_USER_PATHS = NO;
				CLANG_ANALYZER_NONNULL = YES;
				CLANG_ANALYZER_NUMBER_OBJECT_CONVERSION = YES_AGGRESSIVE;
				CLANG_CXX_LANGUAGE_STANDARD = "gnu++14";
				CLANG_CXX_LIBRARY = "libc++";
				CLANG_ENABLE_MODULES = YES;
				CLANG_ENABLE_OBJC_ARC = YES;
				CLANG_ENABLE_OBJC_WEAK = YES;
				CLANG_WARN_BLOCK_CAPTURE_AUTORELEASING = YES;
				CLANG_WARN_BOOL_CONVERSION = YES;
				CLANG_WARN_COMMA = YES;
				CLANG_WARN_CONSTANT_CONVERSION = YES;
				CLANG_WARN_DEPRECATED_OBJC_IMPLEMENTATIONS = YES;
				CLANG_WARN_DIRECT_OBJC_ISA_USAGE = YES_ERROR;
				CLANG_WARN_DOCUMENTATION_COMMENTS = YES;
				CLANG_WARN_EMPTY_BODY = YES;
				CLANG_WARN_ENUM_CONVERSION = YES;
				CLANG_WARN_INFINITE_RECURSION = YES;
				CLANG_WARN_INT_CONVERSION = YES;
				CLANG_WARN_NON_LITERAL_NULL_CONVERSION = YES;
				CLANG_WARN_OBJC_IMPLICIT_RETAIN_SELF = YES;
				CLANG_WARN_OBJC_LITERAL_CONVERSION = YES;
				CLANG_WARN_OBJC_ROOT_CLASS = YES_ERROR;
				CLANG_WARN_RANGE_LOOP_ANALYSIS = YES;
				CLANG_WARN_STRICT_PROTOTYPES = YES;
				CLANG_WARN_SUSPICIOUS_MOVE = YES;
				CLANG_WARN_UNGUARDED_AVAILABILITY = YES_AGGRESSIVE;
				CLANG_WARN_UNREACHABLE_CODE = YES;
				CLANG_WARN__DUPLICATE_METHOD_MATCH = YES;
				COPY_PHASE_STRIP = NO;
				DEBUG_INFORMATION_FORMAT = dwarf;
				ENABLE_STRICT_OBJC_MSGSEND = YES;
				ENABLE_TESTABILITY = YES;
				GCC_C_LANGUAGE_STANDARD = gnu11;
				GCC_DYNAMIC_NO_PIC = NO;
				GCC_NO_COMMON_BLOCKS = YES;
				GCC_OPTIMIZATION_LEVEL = 0;
				GCC_PREPROCESSOR_DEFINITIONS = (
					"DEBUG=1",
					"$(inherited)",
				);
				GCC_WARN_64_TO_32_BIT_CONVERSION = YES;
				GCC_WARN_ABOUT_RETURN_TYPE = YES_ERROR;
				GCC_WARN_UNDECLARED_SELECTOR = YES;
				GCC_WARN_UNINITIALIZED_AUTOS = YES_AGGRESSIVE;
				GCC_WARN_UNUSED_FUNCTION = YES;
				GCC_WARN_UNUSED_VARIABLE = YES;
				IPHONEOS_DEPLOYMENT_TARGET = 13.4;
				MTL_ENABLE_DEBUG_INFO = INCLUDE_SOURCE;
				MTL_FAST_MATH = YES;
				ONLY_ACTIVE_ARCH = YES;
				SDKROOT = iphoneos;
				SWIFT_ACTIVE_COMPILATION_CONDITIONS = DEBUG;
				SWIFT_OPTIMIZATION_LEVEL = "-Onone";
			};
			name = Debug;
		};
		CD5CF031246D363D0021A415 /* Release */ = {
			isa = XCBuildConfiguration;
			buildSettings = {
				ALWAYS_SEARCH_USER_PATHS = NO;
				CLANG_ANALYZER_NONNULL = YES;
				CLANG_ANALYZER_NUMBER_OBJECT_CONVERSION = YES_AGGRESSIVE;
				CLANG_CXX_LANGUAGE_STANDARD = "gnu++14";
				CLANG_CXX_LIBRARY = "libc++";
				CLANG_ENABLE_MODULES = YES;
				CLANG_ENABLE_OBJC_ARC = YES;
				CLANG_ENABLE_OBJC_WEAK = YES;
				CLANG_WARN_BLOCK_CAPTURE_AUTORELEASING = YES;
				CLANG_WARN_BOOL_CONVERSION = YES;
				CLANG_WARN_COMMA = YES;
				CLANG_WARN_CONSTANT_CONVERSION = YES;
				CLANG_WARN_DEPRECATED_OBJC_IMPLEMENTATIONS = YES;
				CLANG_WARN_DIRECT_OBJC_ISA_USAGE = YES_ERROR;
				CLANG_WARN_DOCUMENTATION_COMMENTS = YES;
				CLANG_WARN_EMPTY_BODY = YES;
				CLANG_WARN_ENUM_CONVERSION = YES;
				CLANG_WARN_INFINITE_RECURSION = YES;
				CLANG_WARN_INT_CONVERSION = YES;
				CLANG_WARN_NON_LITERAL_NULL_CONVERSION = YES;
				CLANG_WARN_OBJC_IMPLICIT_RETAIN_SELF = YES;
				CLANG_WARN_OBJC_LITERAL_CONVERSION = YES;
				CLANG_WARN_OBJC_ROOT_CLASS = YES_ERROR;
				CLANG_WARN_RANGE_LOOP_ANALYSIS = YES;
				CLANG_WARN_STRICT_PROTOTYPES = YES;
				CLANG_WARN_SUSPICIOUS_MOVE = YES;
				CLANG_WARN_UNGUARDED_AVAILABILITY = YES_AGGRESSIVE;
				CLANG_WARN_UNREACHABLE_CODE = YES;
				CLANG_WARN__DUPLICATE_METHOD_MATCH = YES;
				COPY_PHASE_STRIP = NO;
				DEBUG_INFORMATION_FORMAT = "dwarf-with-dsym";
				ENABLE_NS_ASSERTIONS = NO;
				ENABLE_STRICT_OBJC_MSGSEND = YES;
				GCC_C_LANGUAGE_STANDARD = gnu11;
				GCC_NO_COMMON_BLOCKS = YES;
				GCC_WARN_64_TO_32_BIT_CONVERSION = YES;
				GCC_WARN_ABOUT_RETURN_TYPE = YES_ERROR;
				GCC_WARN_UNDECLARED_SELECTOR = YES;
				GCC_WARN_UNINITIALIZED_AUTOS = YES_AGGRESSIVE;
				GCC_WARN_UNUSED_FUNCTION = YES;
				GCC_WARN_UNUSED_VARIABLE = YES;
				IPHONEOS_DEPLOYMENT_TARGET = 13.4;
				MTL_ENABLE_DEBUG_INFO = NO;
				MTL_FAST_MATH = YES;
				SDKROOT = iphoneos;
				SWIFT_COMPILATION_MODE = wholemodule;
				SWIFT_OPTIMIZATION_LEVEL = "-O";
				VALIDATE_PRODUCT = YES;
			};
			name = Release;
		};
		CD5CF033246D363D0021A415 /* Debug */ = {
			isa = XCBuildConfiguration;
			buildSettings = {
				ASSETCATALOG_COMPILER_APPICON_NAME = AppIcon;
				CODE_SIGN_STYLE = Automatic;
				DEVELOPMENT_ASSET_PATHS = "\"ImageLoader/Preview Content\"";
				DEVELOPMENT_TEAM = YQ6HGZTV97;
				ENABLE_PREVIEWS = YES;
				INFOPLIST_FILE = ImageLoader/Info.plist;
				LD_RUNPATH_SEARCH_PATHS = (
					"$(inherited)",
					"@executable_path/Frameworks",
				);
				PRODUCT_BUNDLE_IDENTIFIER = com.maja.ImageLoader;
				PRODUCT_NAME = "$(TARGET_NAME)";
				SWIFT_VERSION = 5.0;
				TARGETED_DEVICE_FAMILY = "1,2";
			};
			name = Debug;
		};
		CD5CF034246D363D0021A415 /* Release */ = {
			isa = XCBuildConfiguration;
			buildSettings = {
				ASSETCATALOG_COMPILER_APPICON_NAME = AppIcon;
				CODE_SIGN_STYLE = Automatic;
				DEVELOPMENT_ASSET_PATHS = "\"ImageLoader/Preview Content\"";
				DEVELOPMENT_TEAM = YQ6HGZTV97;
				ENABLE_PREVIEWS = YES;
				INFOPLIST_FILE = ImageLoader/Info.plist;
				LD_RUNPATH_SEARCH_PATHS = (
					"$(inherited)",
					"@executable_path/Frameworks",
				);
				PRODUCT_BUNDLE_IDENTIFIER = com.maja.ImageLoader;
				PRODUCT_NAME = "$(TARGET_NAME)";
				SWIFT_VERSION = 5.0;
				TARGETED_DEVICE_FAMILY = "1,2";
			};
			name = Release;
		};
/* End XCBuildConfiguration section */

/* Begin XCConfigurationList section */
		CD5CF019246D363C0021A415 /* Build configuration list for PBXProject "ImageLoader" */ = {
			isa = XCConfigurationList;
			buildConfigurations = (
				CD5CF030246D363D0021A415 /* Debug */,
				CD5CF031246D363D0021A415 /* Release */,
			);
			defaultConfigurationIsVisible = 0;
			defaultConfigurationName = Release;
		};
		CD5CF032246D363D0021A415 /* Build configuration list for PBXNativeTarget "ImageLoader" */ = {
			isa = XCConfigurationList;
			buildConfigurations = (
				CD5CF033246D363D0021A415 /* Debug */,
				CD5CF034246D363D0021A415 /* Release */,
			);
			defaultConfigurationIsVisible = 0;
			defaultConfigurationName = Release;
		};
/* End XCConfigurationList section */
	};
	rootObject = CD5CF016246D363C0021A415 /* Project object */;
}
